
Microsoft Visual Studio Solution File, Format Version 12.00
# Visual Studio Version 17
VisualStudioVersion = 17.0.31903.59
MinimumVisualStudioVersion = 10.0.40219.1
Project("{9A19103F-16F7-4668-BE54-9A1E7A4F7556}") = "Imageserver", "Imageserver\Imageserver.csproj", "{671DD4B9-B44C-4BDB-B4AB-1F4F150E10C4}"
EndProject
Project("{FAE04EC0-301F-11D3-BF4B-00C04F79EFBC}") = "Imageserver.Specs", "Imageserver.Specs\Imageserver.Specs.csproj", "{8A46A320-41DE-4922-8D1C-52592F91A2A2}"
EndProject
Global
	GlobalSection(SolutionConfigurationPlatforms) = preSolution
		Debug|Any CPU = Debug|Any CPU
		Debug|x64 = Debug|x64
		Debug|x86 = Debug|x86
		Release|Any CPU = Release|Any CPU
		Release|x64 = Release|x64
		Release|x86 = Release|x86
	EndGlobalSection
	GlobalSection(ProjectConfigurationPlatforms) = postSolution
		{671DD4B9-B44C-4BDB-B4AB-1F4F150E10C4}.Debug|Any CPU.ActiveCfg = Debug|Any CPU
		{671DD4B9-B44C-4BDB-B4AB-1F4F150E10C4}.Debug|Any CPU.Build.0 = Debug|Any CPU
		{671DD4B9-B44C-4BDB-B4AB-1F4F150E10C4}.Debug|x64.ActiveCfg = Debug|Any CPU
		{671DD4B9-B44C-4BDB-B4AB-1F4F150E10C4}.Debug|x64.Build.0 = Debug|Any CPU
		{671DD4B9-B44C-4BDB-B4AB-1F4F150E10C4}.Debug|x86.ActiveCfg = Debug|Any CPU
		{671DD4B9-B44C-4BDB-B4AB-1F4F150E10C4}.Debug|x86.Build.0 = Debug|Any CPU
		{671DD4B9-B44C-4BDB-B4AB-1F4F150E10C4}.Release|Any CPU.ActiveCfg = Release|Any CPU
		{671DD4B9-B44C-4BDB-B4AB-1F4F150E10C4}.Release|Any CPU.Build.0 = Release|Any CPU
		{671DD4B9-B44C-4BDB-B4AB-1F4F150E10C4}.Release|x64.ActiveCfg = Release|Any CPU
		{671DD4B9-B44C-4BDB-B4AB-1F4F150E10C4}.Release|x64.Build.0 = Release|Any CPU
		{671DD4B9-B44C-4BDB-B4AB-1F4F150E10C4}.Release|x86.ActiveCfg = Release|Any CPU
		{671DD4B9-B44C-4BDB-B4AB-1F4F150E10C4}.Release|x86.Build.0 = Release|Any CPU
		{8A46A320-41DE-4922-8D1C-52592F91A2A2}.Debug|Any CPU.ActiveCfg = Debug|Any CPU
		{8A46A320-41DE-4922-8D1C-52592F91A2A2}.Debug|Any CPU.Build.0 = Debug|Any CPU
		{8A46A320-41DE-4922-8D1C-52592F91A2A2}.Debug|x64.ActiveCfg = Debug|Any CPU
		{8A46A320-41DE-4922-8D1C-52592F91A2A2}.Debug|x64.Build.0 = Debug|Any CPU
		{8A46A320-41DE-4922-8D1C-52592F91A2A2}.Debug|x86.ActiveCfg = Debug|Any CPU
		{8A46A320-41DE-4922-8D1C-52592F91A2A2}.Debug|x86.Build.0 = Debug|Any CPU
		{8A46A320-41DE-4922-8D1C-52592F91A2A2}.Release|Any CPU.ActiveCfg = Release|Any CPU
		{8A46A320-41DE-4922-8D1C-52592F91A2A2}.Release|Any CPU.Build.0 = Release|Any CPU
		{8A46A320-41DE-4922-8D1C-52592F91A2A2}.Release|x64.ActiveCfg = Release|Any CPU
		{8A46A320-41DE-4922-8D1C-52592F91A2A2}.Release|x64.Build.0 = Release|Any CPU
		{8A46A320-41DE-4922-8D1C-52592F91A2A2}.Release|x86.ActiveCfg = Release|Any CPU
		{8A46A320-41DE-4922-8D1C-52592F91A2A2}.Release|x86.Build.0 = Release|Any CPU
	EndGlobalSection
	GlobalSection(SolutionProperties) = preSolution
		HideSolutionNode = FALSE
	EndGlobalSection
	GlobalSection(ExtensibilityGlobals) = postSolution
		SolutionGuid = {A2FB9F6A-9C67-4B02-BA45-88B2DF58B66B}
	EndGlobalSection
EndGlobal
